
Microsoft Visual Studio Solution File, Format Version 12.00
# Visual Studio Version 17
VisualStudioVersion = 17.5.002.0
MinimumVisualStudioVersion = 10.0.40219.1
Project("{9A19103F-16F7-4668-BE54-9A1E7A4F7556}") = "FilmAPI", "FilmAPI.csproj", "{1327BDCA-2CF7-4CCF-9AF1-536DA11664C8}"
EndProject
Global
	GlobalSection(SolutionConfigurationPlatforms) = preSolution
		Debug|Any CPU = Debug|Any CPU
		Release|Any CPU = Release|Any CPU
	EndGlobalSection
	GlobalSection(ProjectConfigurationPlatforms) = postSolution
		{1327BDCA-2CF7-4CCF-9AF1-536DA11664C8}.Debug|Any CPU.ActiveCfg = Debug|Any CPU
		{1327BDCA-2CF7-4CCF-9AF1-536DA11664C8}.Debug|Any CPU.Build.0 = Debug|Any CPU
		{1327BDCA-2CF7-4CCF-9AF1-536DA11664C8}.Release|Any CPU.ActiveCfg = Release|Any CPU
		{1327BDCA-2CF7-4CCF-9AF1-536DA11664C8}.Release|Any CPU.Build.0 = Release|Any CPU
	EndGlobalSection
	GlobalSection(SolutionProperties) = preSolution
		HideSolutionNode = FALSE
	EndGlobalSection
	GlobalSection(ExtensibilityGlobals) = postSolution
		SolutionGuid = {D55CF0E8-6C18-4961-B4BC-E90ACF1831EF}
	EndGlobalSection
EndGlobal
